// !$*UTF8*$!
{
	archiveVersion = 1;
	classes = {
	};
	objectVersion = 46;
	objects = {

/* Begin PBXBuildFile section */
		71B8AD201F0CB404001FB259 /* main.m in Sources */ = {isa = PBXBuildFile; fileRef = 71B8AD1F1F0CB404001FB259 /* main.m */; };
		71B8AD231F0CB404001FB259 /* AppDelegate.m in Sources */ = {isa = PBXBuildFile; fileRef = 71B8AD221F0CB404001FB259 /* AppDelegate.m */; };
		71B8AD261F0CB404001FB259 /* ViewController.m in Sources */ = {isa = PBXBuildFile; fileRef = 71B8AD251F0CB404001FB259 /* ViewController.m */; };
		71B8AD291F0CB404001FB259 /* Main.storyboard in Resources */ = {isa = PBXBuildFile; fileRef = 71B8AD271F0CB404001FB259 /* Main.storyboard */; };
		71B8AD2B1F0CB404001FB259 /* Assets.xcassets in Resources */ = {isa = PBXBuildFile; fileRef = 71B8AD2A1F0CB404001FB259 /* Assets.xcassets */; };
		71B8AD2E1F0CB404001FB259 /* LaunchScreen.storyboard in Resources */ = {isa = PBXBuildFile; fileRef = 71B8AD2C1F0CB404001FB259 /* LaunchScreen.storyboard */; };
		71B8AD381F0CB74F001FB259 /* FKIMClient.m in Sources */ = {isa = PBXBuildFile; fileRef = 71B8AD371F0CB74F001FB259 /* FKIMClient.m */; };
		71B8AD5E1F0CC197001FB259 /* FKIMMessage.m in Sources */ = {isa = PBXBuildFile; fileRef = 71B8AD5D1F0CC197001FB259 /* FKIMMessage.m */; };
		71B8AD611F0CC402001FB259 /* FKIMConfig.m in Sources */ = {isa = PBXBuildFile; fileRef = 71B8AD601F0CC402001FB259 /* FKIMConfig.m */; };
		71B8AD641F0CC76A001FB259 /* FKIMSendMessage.m in Sources */ = {isa = PBXBuildFile; fileRef = 71B8AD631F0CC76A001FB259 /* FKIMSendMessage.m */; };
		71B8AD671F0CC779001FB259 /* FKIMReceiveMessage.m in Sources */ = {isa = PBXBuildFile; fileRef = 71B8AD661F0CC779001FB259 /* FKIMReceiveMessage.m */; };
		71B8AD6A1F0CC786001FB259 /* FKIMErrorMessage.m in Sources */ = {isa = PBXBuildFile; fileRef = 71B8AD691F0CC786001FB259 /* FKIMErrorMessage.m */; };
		71B8AD961F0CD210001FB259 /* FKWebSocketDelegate.m in Sources */ = {isa = PBXBuildFile; fileRef = 71B8AD951F0CD210001FB259 /* FKWebSocketDelegate.m */; };
		71B8AD9B1F0CE399001FB259 /* NSString+FKWebSocket.m in Sources */ = {isa = PBXBuildFile; fileRef = 71B8AD9A1F0CE399001FB259 /* NSString+FKWebSocket.m */; };
		71B8ADA71F0CEDF0001FB259 /* FKBaseMessage.m in Sources */ = {isa = PBXBuildFile; fileRef = 71B8AD9E1F0CEDF0001FB259 /* FKBaseMessage.m */; };
		71B8ADA81F0CEDF0001FB259 /* FKSocketClient.m in Sources */ = {isa = PBXBuildFile; fileRef = 71B8ADA01F0CEDF0001FB259 /* FKSocketClient.m */; };
		71B8ADA91F0CEDF0001FB259 /* FKSocketClientConfig.m in Sources */ = {isa = PBXBuildFile; fileRef = 71B8ADA21F0CEDF0001FB259 /* FKSocketClientConfig.m */; };
		71B8ADAA1F0CEDF0001FB259 /* FKSocketReceiveMessage.m in Sources */ = {isa = PBXBuildFile; fileRef = 71B8ADA41F0CEDF0001FB259 /* FKSocketReceiveMessage.m */; };
		71B8ADAB1F0CEDF0001FB259 /* FKSocketSendMessage.m in Sources */ = {isa = PBXBuildFile; fileRef = 71B8ADA61F0CEDF0001FB259 /* FKSocketSendMessage.m */; };
		C54FA4CA31E8764EA71F324D /* libPods-FKWebSocket.a in Frameworks */ = {isa = PBXBuildFile; fileRef = 0D1E32078D51965BCFDB4FF8 /* libPods-FKWebSocket.a */; };
/* End PBXBuildFile section */

/* Begin PBXFileReference section */
		0D1E32078D51965BCFDB4FF8 /* libPods-FKWebSocket.a */ = {isa = PBXFileReference; explicitFileType = archive.ar; includeInIndex = 0; path = "libPods-FKWebSocket.a"; sourceTree = BUILT_PRODUCTS_DIR; };
		588D37F72EA56A6EB5982507 /* Pods-FKWebSocket.debug.xcconfig */ = {isa = PBXFileReference; includeInIndex = 1; lastKnownFileType = text.xcconfig; name = "Pods-FKWebSocket.debug.xcconfig"; path = "Pods/Target Support Files/Pods-FKWebSocket/Pods-FKWebSocket.debug.xcconfig"; sourceTree = "<group>"; };
		71B8AD1B1F0CB404001FB259 /* FKWebSocket.app */ = {isa = PBXFileReference; explicitFileType = wrapper.application; includeInIndex = 0; path = FKWebSocket.app; sourceTree = BUILT_PRODUCTS_DIR; };
		71B8AD1F1F0CB404001FB259 /* main.m */ = {isa = PBXFileReference; lastKnownFileType = sourcecode.c.objc; path = main.m; sourceTree = "<group>"; };
		71B8AD211F0CB404001FB259 /* AppDelegate.h */ = {isa = PBXFileReference; lastKnownFileType = sourcecode.c.h; path = AppDelegate.h; sourceTree = "<group>"; };
		71B8AD221F0CB404001FB259 /* AppDelegate.m */ = {isa = PBXFileReference; lastKnownFileType = sourcecode.c.objc; path = AppDelegate.m; sourceTree = "<group>"; };
		71B8AD241F0CB404001FB259 /* ViewController.h */ = {isa = PBXFileReference; lastKnownFileType = sourcecode.c.h; path = ViewController.h; sourceTree = "<group>"; };
		71B8AD251F0CB404001FB259 /* ViewController.m */ = {isa = PBXFileReference; lastKnownFileType = sourcecode.c.objc; path = ViewController.m; sourceTree = "<group>"; };
		71B8AD281F0CB404001FB259 /* Base */ = {isa = PBXFileReference; lastKnownFileType = file.storyboard; name = Base; path = Base.lproj/Main.storyboard; sourceTree = "<group>"; };
		71B8AD2A1F0CB404001FB259 /* Assets.xcassets */ = {isa = PBXFileReference; lastKnownFileType = folder.assetcatalog; path = Assets.xcassets; sourceTree = "<group>"; };
		71B8AD2D1F0CB404001FB259 /* Base */ = {isa = PBXFileReference; lastKnownFileType = file.storyboard; name = Base; path = Base.lproj/LaunchScreen.storyboard; sourceTree = "<group>"; };
		71B8AD2F1F0CB404001FB259 /* Info.plist */ = {isa = PBXFileReference; lastKnownFileType = text.plist.xml; path = Info.plist; sourceTree = "<group>"; };
		71B8AD361F0CB74F001FB259 /* FKIMClient.h */ = {isa = PBXFileReference; fileEncoding = 4; lastKnownFileType = sourcecode.c.h; path = FKIMClient.h; sourceTree = "<group>"; };
		71B8AD371F0CB74F001FB259 /* FKIMClient.m */ = {isa = PBXFileReference; fileEncoding = 4; lastKnownFileType = sourcecode.c.objc; path = FKIMClient.m; sourceTree = "<group>"; };
		71B8AD5C1F0CC197001FB259 /* FKIMMessage.h */ = {isa = PBXFileReference; fileEncoding = 4; lastKnownFileType = sourcecode.c.h; path = FKIMMessage.h; sourceTree = "<group>"; };
		71B8AD5D1F0CC197001FB259 /* FKIMMessage.m */ = {isa = PBXFileReference; fileEncoding = 4; lastKnownFileType = sourcecode.c.objc; path = FKIMMessage.m; sourceTree = "<group>"; };
		71B8AD5F1F0CC402001FB259 /* FKIMConfig.h */ = {isa = PBXFileReference; fileEncoding = 4; lastKnownFileType = sourcecode.c.h; path = FKIMConfig.h; sourceTree = "<group>"; };
		71B8AD601F0CC402001FB259 /* FKIMConfig.m */ = {isa = PBXFileReference; fileEncoding = 4; lastKnownFileType = sourcecode.c.objc; path = FKIMConfig.m; sourceTree = "<group>"; };
		71B8AD621F0CC76A001FB259 /* FKIMSendMessage.h */ = {isa = PBXFileReference; fileEncoding = 4; lastKnownFileType = sourcecode.c.h; path = FKIMSendMessage.h; sourceTree = "<group>"; };
		71B8AD631F0CC76A001FB259 /* FKIMSendMessage.m */ = {isa = PBXFileReference; fileEncoding = 4; lastKnownFileType = sourcecode.c.objc; path = FKIMSendMessage.m; sourceTree = "<group>"; };
		71B8AD651F0CC779001FB259 /* FKIMReceiveMessage.h */ = {isa = PBXFileReference; fileEncoding = 4; lastKnownFileType = sourcecode.c.h; path = FKIMReceiveMessage.h; sourceTree = "<group>"; };
		71B8AD661F0CC779001FB259 /* FKIMReceiveMessage.m */ = {isa = PBXFileReference; fileEncoding = 4; lastKnownFileType = sourcecode.c.objc; path = FKIMReceiveMessage.m; sourceTree = "<group>"; };
		71B8AD681F0CC786001FB259 /* FKIMErrorMessage.h */ = {isa = PBXFileReference; fileEncoding = 4; lastKnownFileType = sourcecode.c.h; path = FKIMErrorMessage.h; sourceTree = "<group>"; };
		71B8AD691F0CC786001FB259 /* FKIMErrorMessage.m */ = {isa = PBXFileReference; fileEncoding = 4; lastKnownFileType = sourcecode.c.objc; path = FKIMErrorMessage.m; sourceTree = "<group>"; };
		71B8AD941F0CD210001FB259 /* FKWebSocketDelegate.h */ = {isa = PBXFileReference; fileEncoding = 4; lastKnownFileType = sourcecode.c.h; path = FKWebSocketDelegate.h; sourceTree = "<group>"; };
		71B8AD951F0CD210001FB259 /* FKWebSocketDelegate.m */ = {isa = PBXFileReference; fileEncoding = 4; lastKnownFileType = sourcecode.c.objc; path = FKWebSocketDelegate.m; sourceTree = "<group>"; };
		71B8AD971F0CD470001FB259 /* FKWebSocketHeader.h */ = {isa = PBXFileReference; lastKnownFileType = sourcecode.c.h; path = FKWebSocketHeader.h; sourceTree = "<group>"; };
		71B8AD981F0CD5D4001FB259 /* FKWebSocketCommon.h */ = {isa = PBXFileReference; lastKnownFileType = sourcecode.c.h; path = FKWebSocketCommon.h; sourceTree = "<group>"; };
		71B8AD991F0CE399001FB259 /* NSString+FKWebSocket.h */ = {isa = PBXFileReference; fileEncoding = 4; lastKnownFileType = sourcecode.c.h; path = "NSString+FKWebSocket.h"; sourceTree = "<group>"; };
		71B8AD9A1F0CE399001FB259 /* NSString+FKWebSocket.m */ = {isa = PBXFileReference; fileEncoding = 4; lastKnownFileType = sourcecode.c.objc; path = "NSString+FKWebSocket.m"; sourceTree = "<group>"; };
		71B8AD9D1F0CEDF0001FB259 /* FKBaseMessage.h */ = {isa = PBXFileReference; fileEncoding = 4; lastKnownFileType = sourcecode.c.h; path = FKBaseMessage.h; sourceTree = "<group>"; };
		71B8AD9E1F0CEDF0001FB259 /* FKBaseMessage.m */ = {isa = PBXFileReference; fileEncoding = 4; lastKnownFileType = sourcecode.c.objc; path = FKBaseMessage.m; sourceTree = "<group>"; };
		71B8AD9F1F0CEDF0001FB259 /* FKSocketClient.h */ = {isa = PBXFileReference; fileEncoding = 4; lastKnownFileType = sourcecode.c.h; path = FKSocketClient.h; sourceTree = "<group>"; };
		71B8ADA01F0CEDF0001FB259 /* FKSocketClient.m */ = {isa = PBXFileReference; fileEncoding = 4; lastKnownFileType = sourcecode.c.objc; path = FKSocketClient.m; sourceTree = "<group>"; };
		71B8ADA11F0CEDF0001FB259 /* FKSocketClientConfig.h */ = {isa = PBXFileReference; fileEncoding = 4; lastKnownFileType = sourcecode.c.h; path = FKSocketClientConfig.h; sourceTree = "<group>"; };
		71B8ADA21F0CEDF0001FB259 /* FKSocketClientConfig.m */ = {isa = PBXFileReference; fileEncoding = 4; lastKnownFileType = sourcecode.c.objc; path = FKSocketClientConfig.m; sourceTree = "<group>"; };
		71B8ADA31F0CEDF0001FB259 /* FKSocketReceiveMessage.h */ = {isa = PBXFileReference; fileEncoding = 4; lastKnownFileType = sourcecode.c.h; path = FKSocketReceiveMessage.h; sourceTree = "<group>"; };
		71B8ADA41F0CEDF0001FB259 /* FKSocketReceiveMessage.m */ = {isa = PBXFileReference; fileEncoding = 4; lastKnownFileType = sourcecode.c.objc; path = FKSocketReceiveMessage.m; sourceTree = "<group>"; };
		71B8ADA51F0CEDF0001FB259 /* FKSocketSendMessage.h */ = {isa = PBXFileReference; fileEncoding = 4; lastKnownFileType = sourcecode.c.h; path = FKSocketSendMessage.h; sourceTree = "<group>"; };
		71B8ADA61F0CEDF0001FB259 /* FKSocketSendMessage.m */ = {isa = PBXFileReference; fileEncoding = 4; lastKnownFileType = sourcecode.c.objc; path = FKSocketSendMessage.m; sourceTree = "<group>"; };
		93329D0634B794BD9C921237 /* Pods-FKWebSocket.release.xcconfig */ = {isa = PBXFileReference; includeInIndex = 1; lastKnownFileType = text.xcconfig; name = "Pods-FKWebSocket.release.xcconfig"; path = "Pods/Target Support Files/Pods-FKWebSocket/Pods-FKWebSocket.release.xcconfig"; sourceTree = "<group>"; };
/* End PBXFileReference section */

/* Begin PBXFrameworksBuildPhase section */
		71B8AD181F0CB404001FB259 /* Frameworks */ = {
			isa = PBXFrameworksBuildPhase;
			buildActionMask = 2147483647;
			files = (
				C54FA4CA31E8764EA71F324D /* libPods-FKWebSocket.a in Frameworks */,
			);
			runOnlyForDeploymentPostprocessing = 0;
		};
/* End PBXFrameworksBuildPhase section */

/* Begin PBXGroup section */
		1259E2F1728DB6865A3ADC79 /* Pods */ = {
			isa = PBXGroup;
			children = (
				588D37F72EA56A6EB5982507 /* Pods-FKWebSocket.debug.xcconfig */,
				93329D0634B794BD9C921237 /* Pods-FKWebSocket.release.xcconfig */,
			);
			name = Pods;
			sourceTree = "<group>";
		};
		71B8AD121F0CB404001FB259 = {
			isa = PBXGroup;
			children = (
				71B8AD1D1F0CB404001FB259 /* FKWebSocket */,
				71B8AD1C1F0CB404001FB259 /* Products */,
				1259E2F1728DB6865A3ADC79 /* Pods */,
				C7BF250B2E7D1DF1A76CEE55 /* Frameworks */,
			);
			sourceTree = "<group>";
		};
		71B8AD1C1F0CB404001FB259 /* Products */ = {
			isa = PBXGroup;
			children = (
				71B8AD1B1F0CB404001FB259 /* FKWebSocket.app */,
			);
			name = Products;
			sourceTree = "<group>";
		};
		71B8AD1D1F0CB404001FB259 /* FKWebSocket */ = {
			isa = PBXGroup;
			children = (
				71B8AD9C1F0CEDF0001FB259 /* FKWebSocketOrigin */,
				71B8AD351F0CB68E001FB259 /* FKWebSocket */,
				71B8AD211F0CB404001FB259 /* AppDelegate.h */,
				71B8AD221F0CB404001FB259 /* AppDelegate.m */,
				71B8AD241F0CB404001FB259 /* ViewController.h */,
				71B8AD251F0CB404001FB259 /* ViewController.m */,
				71B8AD271F0CB404001FB259 /* Main.storyboard */,
				71B8AD2A1F0CB404001FB259 /* Assets.xcassets */,
				71B8AD2C1F0CB404001FB259 /* LaunchScreen.storyboard */,
				71B8AD2F1F0CB404001FB259 /* Info.plist */,
				71B8AD1E1F0CB404001FB259 /* Supporting Files */,
			);
			path = FKWebSocket;
			sourceTree = "<group>";
		};
		71B8AD1E1F0CB404001FB259 /* Supporting Files */ = {
			isa = PBXGroup;
			children = (
				71B8AD1F1F0CB404001FB259 /* main.m */,
			);
			name = "Supporting Files";
			sourceTree = "<group>";
		};
		71B8AD351F0CB68E001FB259 /* FKWebSocket */ = {
			isa = PBXGroup;
			children = (
				71B8AD941F0CD210001FB259 /* FKWebSocketDelegate.h */,
				71B8AD951F0CD210001FB259 /* FKWebSocketDelegate.m */,
				71B8AD361F0CB74F001FB259 /* FKIMClient.h */,
				71B8AD371F0CB74F001FB259 /* FKIMClient.m */,
				71B8AD5F1F0CC402001FB259 /* FKIMConfig.h */,
				71B8AD601F0CC402001FB259 /* FKIMConfig.m */,
				71B8AD5C1F0CC197001FB259 /* FKIMMessage.h */,
				71B8AD5D1F0CC197001FB259 /* FKIMMessage.m */,
				71B8AD621F0CC76A001FB259 /* FKIMSendMessage.h */,
				71B8AD631F0CC76A001FB259 /* FKIMSendMessage.m */,
				71B8AD651F0CC779001FB259 /* FKIMReceiveMessage.h */,
				71B8AD661F0CC779001FB259 /* FKIMReceiveMessage.m */,
				71B8AD681F0CC786001FB259 /* FKIMErrorMessage.h */,
				71B8AD691F0CC786001FB259 /* FKIMErrorMessage.m */,
				71B8AD971F0CD470001FB259 /* FKWebSocketHeader.h */,
				71B8AD981F0CD5D4001FB259 /* FKWebSocketCommon.h */,
				71B8AD991F0CE399001FB259 /* NSString+FKWebSocket.h */,
				71B8AD9A1F0CE399001FB259 /* NSString+FKWebSocket.m */,
			);
			path = FKWebSocket;
			sourceTree = "<group>";
		};
		71B8AD9C1F0CEDF0001FB259 /* FKWebSocketOrigin */ = {
			isa = PBXGroup;
			children = (
				71B8AD9D1F0CEDF0001FB259 /* FKBaseMessage.h */,
				71B8AD9E1F0CEDF0001FB259 /* FKBaseMessage.m */,
				71B8AD9F1F0CEDF0001FB259 /* FKSocketClient.h */,
				71B8ADA01F0CEDF0001FB259 /* FKSocketClient.m */,
				71B8ADA11F0CEDF0001FB259 /* FKSocketClientConfig.h */,
				71B8ADA21F0CEDF0001FB259 /* FKSocketClientConfig.m */,
				71B8ADA31F0CEDF0001FB259 /* FKSocketReceiveMessage.h */,
				71B8ADA41F0CEDF0001FB259 /* FKSocketReceiveMessage.m */,
				71B8ADA51F0CEDF0001FB259 /* FKSocketSendMessage.h */,
				71B8ADA61F0CEDF0001FB259 /* FKSocketSendMessage.m */,
			);
			path = FKWebSocketOrigin;
			sourceTree = "<group>";
		};
		C7BF250B2E7D1DF1A76CEE55 /* Frameworks */ = {
			isa = PBXGroup;
			children = (
				0D1E32078D51965BCFDB4FF8 /* libPods-FKWebSocket.a */,
			);
			name = Frameworks;
			sourceTree = "<group>";
		};
/* End PBXGroup section */

/* Begin PBXNativeTarget section */
		71B8AD1A1F0CB404001FB259 /* FKWebSocket */ = {
			isa = PBXNativeTarget;
			buildConfigurationList = 71B8AD321F0CB404001FB259 /* Build configuration list for PBXNativeTarget "FKWebSocket" */;
			buildPhases = (
				BFF267061CA949684277F28B /* [CP] Check Pods Manifest.lock */,
				71B8AD171F0CB404001FB259 /* Sources */,
				71B8AD181F0CB404001FB259 /* Frameworks */,
				71B8AD191F0CB404001FB259 /* Resources */,
				9634DEFF36362832C9263ADA /* [CP] Embed Pods Frameworks */,
				643185DE3F1DFFC6821D211F /* [CP] Copy Pods Resources */,
			);
			buildRules = (
			);
			dependencies = (
			);
			name = FKWebSocket;
			productName = FKWebSocket;
			productReference = 71B8AD1B1F0CB404001FB259 /* FKWebSocket.app */;
			productType = "com.apple.product-type.application";
		};
/* End PBXNativeTarget section */

/* Begin PBXProject section */
		71B8AD131F0CB404001FB259 /* Project object */ = {
			isa = PBXProject;
			attributes = {
				LastUpgradeCheck = 0830;
				ORGANIZATIONNAME = ForKid;
				TargetAttributes = {
					71B8AD1A1F0CB404001FB259 = {
						CreatedOnToolsVersion = 8.3.2;
						ProvisioningStyle = Automatic;
					};
				};
			};
			buildConfigurationList = 71B8AD161F0CB404001FB259 /* Build configuration list for PBXProject "FKWebSocket" */;
			compatibilityVersion = "Xcode 3.2";
			developmentRegion = English;
			hasScannedForEncodings = 0;
			knownRegions = (
				en,
				Base,
			);
			mainGroup = 71B8AD121F0CB404001FB259;
			productRefGroup = 71B8AD1C1F0CB404001FB259 /* Products */;
			projectDirPath = "";
			projectRoot = "";
			targets = (
				71B8AD1A1F0CB404001FB259 /* FKWebSocket */,
			);
		};
/* End PBXProject section */

/* Begin PBXResourcesBuildPhase section */
		71B8AD191F0CB404001FB259 /* Resources */ = {
			isa = PBXResourcesBuildPhase;
			buildActionMask = 2147483647;
			files = (
				71B8AD2E1F0CB404001FB259 /* LaunchScreen.storyboard in Resources */,
				71B8AD2B1F0CB404001FB259 /* Assets.xcassets in Resources */,
				71B8AD291F0CB404001FB259 /* Main.storyboard in Resources */,
			);
			runOnlyForDeploymentPostprocessing = 0;
		};
/* End PBXResourcesBuildPhase section */

/* Begin PBXShellScriptBuildPhase section */
		643185DE3F1DFFC6821D211F /* [CP] Copy Pods Resources */ = {
			isa = PBXShellScriptBuildPhase;
			buildActionMask = 2147483647;
			files = (
			);
			inputPaths = (
			);
			name = "[CP] Copy Pods Resources";
			outputPaths = (
			);
			runOnlyForDeploymentPostprocessing = 0;
			shellPath = /bin/sh;
			shellScript = "\"${SRCROOT}/Pods/Target Support Files/Pods-FKWebSocket/Pods-FKWebSocket-resources.sh\"\n";
			showEnvVarsInLog = 0;
		};
		9634DEFF36362832C9263ADA /* [CP] Embed Pods Frameworks */ = {
			isa = PBXShellScriptBuildPhase;
			buildActionMask = 2147483647;
			files = (
			);
			inputPaths = (
			);
			name = "[CP] Embed Pods Frameworks";
			outputPaths = (
			);
			runOnlyForDeploymentPostprocessing = 0;
			shellPath = /bin/sh;
			shellScript = "\"${SRCROOT}/Pods/Target Support Files/Pods-FKWebSocket/Pods-FKWebSocket-frameworks.sh\"\n";
			showEnvVarsInLog = 0;
		};
		BFF267061CA949684277F28B /* [CP] Check Pods Manifest.lock */ = {
			isa = PBXShellScriptBuildPhase;
			buildActionMask = 2147483647;
			files = (
			);
			inputPaths = (
			);
			name = "[CP] Check Pods Manifest.lock";
			outputPaths = (
			);
			runOnlyForDeploymentPostprocessing = 0;
			shellPath = /bin/sh;
			shellScript = "diff \"${PODS_PODFILE_DIR_PATH}/Podfile.lock\" \"${PODS_ROOT}/Manifest.lock\" > /dev/null\nif [ $? != 0 ] ; then\n    # print error to STDERR\n    echo \"error: The sandbox is not in sync with the Podfile.lock. Run 'pod install' or update your CocoaPods installation.\" >&2\n    exit 1\nfi\n";
			showEnvVarsInLog = 0;
		};
/* End PBXShellScriptBuildPhase section */

/* Begin PBXSourcesBuildPhase section */
		71B8AD171F0CB404001FB259 /* Sources */ = {
			isa = PBXSourcesBuildPhase;
			buildActionMask = 2147483647;
			files = (
				71B8ADA81F0CEDF0001FB259 /* FKSocketClient.m in Sources */,
				71B8AD6A1F0CC786001FB259 /* FKIMErrorMessage.m in Sources */,
				71B8AD611F0CC402001FB259 /* FKIMConfig.m in Sources */,
				71B8ADAA1F0CEDF0001FB259 /* FKSocketReceiveMessage.m in Sources */,
				71B8AD9B1F0CE399001FB259 /* NSString+FKWebSocket.m in Sources */,
				71B8ADA71F0CEDF0001FB259 /* FKBaseMessage.m in Sources */,
				71B8AD261F0CB404001FB259 /* ViewController.m in Sources */,
				71B8ADA91F0CEDF0001FB259 /* FKSocketClientConfig.m in Sources */,
				71B8AD381F0CB74F001FB259 /* FKIMClient.m in Sources */,
				71B8ADAB1F0CEDF0001FB259 /* FKSocketSendMessage.m in Sources */,
				71B8AD641F0CC76A001FB259 /* FKIMSendMessage.m in Sources */,
				71B8AD231F0CB404001FB259 /* AppDelegate.m in Sources */,
				71B8AD961F0CD210001FB259 /* FKWebSocketDelegate.m in Sources */,
				71B8AD5E1F0CC197001FB259 /* FKIMMessage.m in Sources */,
				71B8AD671F0CC779001FB259 /* FKIMReceiveMessage.m in Sources */,
				71B8AD201F0CB404001FB259 /* main.m in Sources */,
			);
			runOnlyForDeploymentPostprocessing = 0;
		};
/* End PBXSourcesBuildPhase section */

/* Begin PBXVariantGroup section */
		71B8AD271F0CB404001FB259 /* Main.storyboard */ = {
			isa = PBXVariantGroup;
			children = (
				71B8AD281F0CB404001FB259 /* Base */,
			);
			name = Main.storyboard;
			sourceTree = "<group>";
		};
		71B8AD2C1F0CB404001FB259 /* LaunchScreen.storyboard */ = {
			isa = PBXVariantGroup;
			children = (
				71B8AD2D1F0CB404001FB259 /* Base */,
			);
			name = LaunchScreen.storyboard;
			sourceTree = "<group>";
		};
/* End PBXVariantGroup section */

/* Begin XCBuildConfiguration section */
		71B8AD301F0CB404001FB259 /* Debug */ = {
			isa = XCBuildConfiguration;
			buildSettings = {
				ALWAYS_SEARCH_USER_PATHS = NO;
				CLANG_ANALYZER_NONNULL = YES;
				CLANG_ANALYZER_NUMBER_OBJECT_CONVERSION = YES_AGGRESSIVE;
				CLANG_CXX_LANGUAGE_STANDARD = "gnu++0x";
				CLANG_CXX_LIBRARY = "libc++";
				CLANG_ENABLE_MODULES = YES;
				CLANG_ENABLE_OBJC_ARC = YES;
				CLANG_WARN_BOOL_CONVERSION = YES;
				CLANG_WARN_CONSTANT_CONVERSION = YES;
				CLANG_WARN_DIRECT_OBJC_ISA_USAGE = YES_ERROR;
				CLANG_WARN_DOCUMENTATION_COMMENTS = YES;
				CLANG_WARN_EMPTY_BODY = YES;
				CLANG_WARN_ENUM_CONVERSION = YES;
				CLANG_WARN_INFINITE_RECURSION = YES;
				CLANG_WARN_INT_CONVERSION = YES;
				CLANG_WARN_OBJC_ROOT_CLASS = YES_ERROR;
				CLANG_WARN_SUSPICIOUS_MOVE = YES;
				CLANG_WARN_UNREACHABLE_CODE = YES;
				CLANG_WARN__DUPLICATE_METHOD_MATCH = YES;
				"CODE_SIGN_IDENTITY[sdk=iphoneos*]" = "iPhone Developer";
				COPY_PHASE_STRIP = NO;
				DEBUG_INFORMATION_FORMAT = dwarf;
				ENABLE_STRICT_OBJC_MSGSEND = YES;
				ENABLE_TESTABILITY = YES;
				GCC_C_LANGUAGE_STANDARD = gnu99;
				GCC_DYNAMIC_NO_PIC = NO;
				GCC_NO_COMMON_BLOCKS = YES;
				GCC_OPTIMIZATION_LEVEL = 0;
				GCC_PREPROCESSOR_DEFINITIONS = (
					"DEBUG=1",
					"$(inherited)",
				);
				GCC_WARN_64_TO_32_BIT_CONVERSION = YES;
				GCC_WARN_ABOUT_RETURN_TYPE = YES_ERROR;
				GCC_WARN_UNDECLARED_SELECTOR = YES;
				GCC_WARN_UNINITIALIZED_AUTOS = YES_AGGRESSIVE;
				GCC_WARN_UNUSED_FUNCTION = YES;
				GCC_WARN_UNUSED_VARIABLE = YES;
				IPHONEOS_DEPLOYMENT_TARGET = 10.3;
				MTL_ENABLE_DEBUG_INFO = YES;
				ONLY_ACTIVE_ARCH = YES;
				SDKROOT = iphoneos;
			};
			name = Debug;
		};
		71B8AD311F0CB404001FB259 /* Release */ = {
			isa = XCBuildConfiguration;
			buildSettings = {
				ALWAYS_SEARCH_USER_PATHS = NO;
				CLANG_ANALYZER_NONNULL = YES;
				CLANG_ANALYZER_NUMBER_OBJECT_CONVERSION = YES_AGGRESSIVE;
				CLANG_CXX_LANGUAGE_STANDARD = "gnu++0x";
				CLANG_CXX_LIBRARY = "libc++";
				CLANG_ENABLE_MODULES = YES;
				CLANG_ENABLE_OBJC_ARC = YES;
				CLANG_WARN_BOOL_CONVERSION = YES;
				CLANG_WARN_CONSTANT_CONVERSION = YES;
				CLANG_WARN_DIRECT_OBJC_ISA_USAGE = YES_ERROR;
				CLANG_WARN_DOCUMENTATION_COMMENTS = YES;
				CLANG_WARN_EMPTY_BODY = YES;
				CLANG_WARN_ENUM_CONVERSION = YES;
				CLANG_WARN_INFINITE_RECURSION = YES;
				CLANG_WARN_INT_CONVERSION = YES;
				CLANG_WARN_OBJC_ROOT_CLASS = YES_ERROR;
				CLANG_WARN_SUSPICIOUS_MOVE = YES;
				CLANG_WARN_UNREACHABLE_CODE = YES;
				CLANG_WARN__DUPLICATE_METHOD_MATCH = YES;
				"CODE_SIGN_IDENTITY[sdk=iphoneos*]" = "iPhone Developer";
				COPY_PHASE_STRIP = NO;
				DEBUG_INFORMATION_FORMAT = "dwarf-with-dsym";
				ENABLE_NS_ASSERTIONS = NO;
				ENABLE_STRICT_OBJC_MSGSEND = YES;
				GCC_C_LANGUAGE_STANDARD = gnu99;
				GCC_NO_COMMON_BLOCKS = YES;
				GCC_WARN_64_TO_32_BIT_CONVERSION = YES;
				GCC_WARN_ABOUT_RETURN_TYPE = YES_ERROR;
				GCC_WARN_UNDECLARED_SELECTOR = YES;
				GCC_WARN_UNINITIALIZED_AUTOS = YES_AGGRESSIVE;
				GCC_WARN_UNUSED_FUNCTION = YES;
				GCC_WARN_UNUSED_VARIABLE = YES;
				IPHONEOS_DEPLOYMENT_TARGET = 10.3;
				MTL_ENABLE_DEBUG_INFO = NO;
				SDKROOT = iphoneos;
				VALIDATE_PRODUCT = YES;
			};
			name = Release;
		};
		71B8AD331F0CB404001FB259 /* Debug */ = {
			isa = XCBuildConfiguration;
			baseConfigurationReference = 588D37F72EA56A6EB5982507 /* Pods-FKWebSocket.debug.xcconfig */;
			buildSettings = {
				ASSETCATALOG_COMPILER_APPICON_NAME = AppIcon;
				INFOPLIST_FILE = FKWebSocket/Info.plist;
				IPHONEOS_DEPLOYMENT_TARGET = 8.0;
				LD_RUNPATH_SEARCH_PATHS = "$(inherited) @executable_path/Frameworks";
				PRODUCT_BUNDLE_IDENTIFIER = com.forkid.FKWebSocket;
				PRODUCT_NAME = "$(TARGET_NAME)";
			};
			name = Debug;
		};
		71B8AD341F0CB404001FB259 /* Release */ = {
			isa = XCBuildConfiguration;
			baseConfigurationReference = 93329D0634B794BD9C921237 /* Pods-FKWebSocket.release.xcconfig */;
			buildSettings = {
				ASSETCATALOG_COMPILER_APPICON_NAME = AppIcon;
				INFOPLIST_FILE = FKWebSocket/Info.plist;
				IPHONEOS_DEPLOYMENT_TARGET = 8.0;
				LD_RUNPATH_SEARCH_PATHS = "$(inherited) @executable_path/Frameworks";
				PRODUCT_BUNDLE_IDENTIFIER = com.forkid.FKWebSocket;
				PRODUCT_NAME = "$(TARGET_NAME)";
			};
			name = Release;
		};
/* End XCBuildConfiguration section */

/* Begin XCConfigurationList section */
		71B8AD161F0CB404001FB259 /* Build configuration list for PBXProject "FKWebSocket" */ = {
			isa = XCConfigurationList;
			buildConfigurations = (
				71B8AD301F0CB404001FB259 /* Debug */,
				71B8AD311F0CB404001FB259 /* Release */,
			);
			defaultConfigurationIsVisible = 0;
			defaultConfigurationName = Release;
		};
		71B8AD321F0CB404001FB259 /* Build configuration list for PBXNativeTarget "FKWebSocket" */ = {
			isa = XCConfigurationList;
			buildConfigurations = (
				71B8AD331F0CB404001FB259 /* Debug */,
				71B8AD341F0CB404001FB259 /* Release */,
			);
			defaultConfigurationIsVisible = 0;
			defaultConfigurationName = Release;
		};
/* End XCConfigurationList section */
	};
	rootObject = 71B8AD131F0CB404001FB259 /* Project object */;
}
